
Microsoft Visual Studio Solution File, Format Version 12.00
# Visual Studio Version 16
VisualStudioVersion = 16.0.29230.47
MinimumVisualStudioVersion = 10.0.40219.1
Project("{8BC9CEB8-8B4A-11D0-8D11-00A0C91BC942}") = "lab22.second", "lab22.second\lab22.second.vcxproj", "{ECEB4BA7-D576-4794-A1E9-37766C71C520}"
EndProject
Global
	GlobalSection(SolutionConfigurationPlatforms) = preSolution
		Debug|x64 = Debug|x64
		Debug|x86 = Debug|x86
		Release|x64 = Release|x64
		Release|x86 = Release|x86
	EndGlobalSection
	GlobalSection(ProjectConfigurationPlatforms) = postSolution
		{ECEB4BA7-D576-4794-A1E9-37766C71C520}.Debug|x64.ActiveCfg = Debug|x64
		{ECEB4BA7-D576-4794-A1E9-37766C71C520}.Debug|x64.Build.0 = Debug|x64
		{ECEB4BA7-D576-4794-A1E9-37766C71C520}.Debug|x86.ActiveCfg = Debug|Win32
		{ECEB4BA7-D576-4794-A1E9-37766C71C520}.Debug|x86.Build.0 = Debug|Win32
		{ECEB4BA7-D576-4794-A1E9-37766C71C520}.Release|x64.ActiveCfg = Release|x64
		{ECEB4BA7-D576-4794-A1E9-37766C71C520}.Release|x64.Build.0 = Release|x64
		{ECEB4BA7-D576-4794-A1E9-37766C71C520}.Release|x86.ActiveCfg = Release|Win32
		{ECEB4BA7-D576-4794-A1E9-37766C71C520}.Release|x86.Build.0 = Release|Win32
	EndGlobalSection
	GlobalSection(SolutionProperties) = preSolution
		HideSolutionNode = FALSE
	EndGlobalSection
	GlobalSection(ExtensibilityGlobals) = postSolution
		SolutionGuid = {AC5DDE6E-DA42-4800-A32E-A52D87F3A12A}
	EndGlobalSection
EndGlobal
